{
  "name": "pixi-test",
  "version": "1.0.0",
  "lockfileVersion": 1,
  "requires": true,
  "dependencies": {
    "@pixi/accessibility": {
      "version": "6.1.2",
      "resolved": "https://registry.npmjs.org/@pixi/accessibility/-/accessibility-6.1.2.tgz",
      "integrity": "sha512-riXpC4PBJYaAG5aWUZ3ud+zhF2ulqnNGCMvlcf/RfuNHlI0jd3SQ0/sxI9OwT0usnxjUDd8beDk8txJGmrX8Fw=="
    },
    "@pixi/app": {
      "version": "6.1.2",
      "resolved": "https://registry.npmjs.org/@pixi/app/-/app-6.1.2.tgz",
      "integrity": "sha512-fv8kyFw2w8kX9UZNetlNAerM7Uszr2BSXKIMqB8lITpeE7XlnNpDussdF9z87fBjSYgMD3bdWSkhdj54QY6n9A=="
    },
    "@pixi/compressed-textures": {
      "version": "6.1.2",
      "resolved": "https://registry.npmjs.org/@pixi/compressed-textures/-/compressed-textures-6.1.2.tgz",
      "integrity": "sha512-BcOaXKS4+6fTOnORt6o2uKUJGpwTIDhIzF+t0ekd9UGhfLykFHIALdgCYPU1e4GvtWWDfaYYhIwWWa8sX+FWTQ=="
    },
    "@pixi/constants": {
      "version": "6.1.2",
      "resolved": "https://registry.npmjs.org/@pixi/constants/-/constants-6.1.2.tgz",
      "integrity": "sha512-rPHWzGDI/PKD0/p8mrsoednpDhbvfidcen2Vozz7KNO5SS/ljqyiZLEbHwYK/xhc2Z7QvXVuDuPaWl9FBCRiQg=="
    },
    "@pixi/core": {
      "version": "6.1.2",
      "resolved": "https://registry.npmjs.org/@pixi/core/-/core-6.1.2.tgz",
      "integrity": "sha512-S+f0qmVkrePor2XKA6A70Axo8ui+HiZgkl1J7AWVtl6MI49+3tXra9Ww3xmp/6jEdIUQyyN5sC8cg8dF/lgmBw=="
    },
    "@pixi/display": {
      "version": "6.1.2",
      "resolved": "https://registry.npmjs.org/@pixi/display/-/display-6.1.2.tgz",
      "integrity": "sha512-JbX9GF6kOg8n8mcOFvcVZBpDRZtB/u7I+L0taOMHHtQ16bdBQ9+CxYgvOi9FLyWQNKl4utnnviQx4t8Km01POQ=="
    },
    "@pixi/extract": {
      "version": "6.1.2",
      "resolved": "https://registry.npmjs.org/@pixi/extract/-/extract-6.1.2.tgz",
      "integrity": "sha512-1vnAOJEaaRsTWyRa4OCodVubvZ0Ib3LVkg5MFU+bDsgnczwUiZEOvtaQKOAiO1F9rEdNdvuo/TQyWlJAuHB73Q=="
    },
    "@pixi/filter-alpha": {
      "version": "6.1.2",
      "resolved": "https://registry.npmjs.org/@pixi/filter-alpha/-/filter-alpha-6.1.2.tgz",
      "integrity": "sha512-8qvW6FrJ8liyswfQJrFKRo679j1vhszxsa/A0unXJYGkD8fRlnoywr2gci+yEb/AyEiuwJF59v2YtWjFjkJ2fA=="
    },
    "@pixi/filter-blur": {
      "version": "6.1.2",
      "resolved": "https://registry.npmjs.org/@pixi/filter-blur/-/filter-blur-6.1.2.tgz",
      "integrity": "sha512-4uJUVtuiuQbPBqXwUS7aUoe8SAnjcmAwKR+KClgn/4XvwIXaULvQcmSUTyrROmWeNTGm6LgVcX4pbb8aO5lWLg=="
    },
    "@pixi/filter-color-matrix": {
      "version": "6.1.2",
      "resolved": "https://registry.npmjs.org/@pixi/filter-color-matrix/-/filter-color-matrix-6.1.2.tgz",
      "integrity": "sha512-xHd0OFdJr2nuqUKSjpf9W2OQwrfmQ7v00eiqeBA9azFmMJ4XmsRmAaej+mgBM2L9j4gZmbGE/5h5ZA80NCAHfg=="
    },
    "@pixi/filter-displacement": {
      "version": "6.1.2",
      "resolved": "https://registry.npmjs.org/@pixi/filter-displacement/-/filter-displacement-6.1.2.tgz",
      "integrity": "sha512-LOQJUfsIcgGkURT7/cqdb9sDjhGO9eQXPb8YHeMyBgKouby0On9REFbueE0cwfuY/MGcfru55JH8okcG7YXj2w=="
    },
    "@pixi/filter-fxaa": {
      "version": "6.1.2",
      "resolved": "https://registry.npmjs.org/@pixi/filter-fxaa/-/filter-fxaa-6.1.2.tgz",
      "integrity": "sha512-Gx2i8DCSKXhnUz0/rFsTmSaGVXl+kyZnD7/e1WojZD4M/2DPzQXqfbmi2OxsR1dyFBH6utNjmYP8xIvQ4JmSMw=="
    },
    "@pixi/filter-noise": {
      "version": "6.1.2",
      "resolved": "https://registry.npmjs.org/@pixi/filter-noise/-/filter-noise-6.1.2.tgz",
      "integrity": "sha512-sPYw3fuxycnVa12C66RhJGeK32XXfX7ANvH5ZRf6i3NwsnmlEZfid8zrujt23xdY0UNqHxwYyg2RrQS9mLDanw=="
    },
    "@pixi/graphics": {
      "version": "6.1.2",
      "resolved": "https://registry.npmjs.org/@pixi/graphics/-/graphics-6.1.2.tgz",
      "integrity": "sha512-aNQ9242RV3Lg4hLmU4rN9jGKhE84vjkxEWswpyqChDqh5vOeahSjZo4DR+qIsEUwEo/OgRY1kvpWY4+2xzMSjg=="
    },
    "@pixi/interaction": {
      "version": "6.1.2",
      "resolved": "https://registry.npmjs.org/@pixi/interaction/-/interaction-6.1.2.tgz",
      "integrity": "sha512-0Hw6ZTXW8jgwq1Ek4wu+JqbSpIeOGvUR9mYuh8Ucrsi089Zavv/sOtAVVO8Zq1psFUjsU+BXSuOZmgOi2xwHFQ=="
    },
    "@pixi/loaders": {
      "version": "6.1.2",
      "resolved": "https://registry.npmjs.org/@pixi/loaders/-/loaders-6.1.2.tgz",
      "integrity": "sha512-InzcLF6Xl9DAp8O2w93r+xEfL9tZYe+CMjVKxJCEebee8JliurRX5Tpq/POi1QwwApi5HaQdpbZ5akQGZGA/+Q=="
    },
    "@pixi/math": {
      "version": "6.1.2",
      "resolved": "https://registry.npmjs.org/@pixi/math/-/math-6.1.2.tgz",
      "integrity": "sha512-tARAZaR01bifqQFW5P714k+Kb8KntKoxVSxbxkY58RSibpoCBFZ8ZnrlT4HY3ovIx66KhH7JJeVhCsXG2d/ggg=="
    },
    "@pixi/mesh": {
      "version": "6.1.2",
      "resolved": "https://registry.npmjs.org/@pixi/mesh/-/mesh-6.1.2.tgz",
      "integrity": "sha512-3aEke7cXq+EIsuVW8G/Ro5GekbZRDFSSxOtbpzNoSjNdTgnKb3OcNaaygu8tK+ZN2uXxN2u91d6f0ki8Y6VnUA=="
    },
    "@pixi/mesh-extras": {
      "version": "6.1.2",
      "resolved": "https://registry.npmjs.org/@pixi/mesh-extras/-/mesh-extras-6.1.2.tgz",
      "integrity": "sha512-MtOHfbfDJ0RyNq3S1frm/+erxCyrayZFOJA0bBIFvHW5WeolAcLo+pNGlmh/1qufDTnMK3UM16mOzAz9qNA7wA=="
    },
    "@pixi/mixin-cache-as-bitmap": {
      "version": "6.1.2",
      "resolved": "https://registry.npmjs.org/@pixi/mixin-cache-as-bitmap/-/mixin-cache-as-bitmap-6.1.2.tgz",
      "integrity": "sha512-8H5SZ6KTKI0WIYPNasjgGDanwUuIyyWtug/qK8j/LNuvVZmj9xfeQnih+Zi727SxKLrnD2mPWXWzSbDrp0MpnQ=="
    },
    "@pixi/mixin-get-child-by-name": {
      "version": "6.1.2",
      "resolved": "https://registry.npmjs.org/@pixi/mixin-get-child-by-name/-/mixin-get-child-by-name-6.1.2.tgz",
      "integrity": "sha512-9WCGFWiY8fisUCir51Q3JKMSw16M5KSzDxAHVyNlinBv71ifH+AZgdzeogDbQf1ysP4BL2K956czPv19GbcANw=="
    },
    "@pixi/mixin-get-global-position": {
      "version": "6.1.2",
      "resolved": "https://registry.npmjs.org/@pixi/mixin-get-global-position/-/mixin-get-global-position-6.1.2.tgz",
      "integrity": "sha512-E7+yo2Cv+qrIXeH8x3tr98H4qEY3vn+IYTbJP0m7/hVA98qTOoP866MJUBNwgwtbRgNEQJwGuGs+m/yK2mcW7w=="
    },
    "@pixi/particle-container": {
      "version": "6.1.2",
      "resolved": "https://registry.npmjs.org/@pixi/particle-container/-/particle-container-6.1.2.tgz",
      "integrity": "sha512-2IvY0nkH8tc7dY6Gk/RyCaSWaPWNEEurPeEkDYhYUcL/ktlqD65PzHQVMZ20nhW5hnHx4bn2H4S1U/5ilvg8Tg=="
    },
    "@pixi/polyfill": {
      "version": "6.1.2",
      "resolved": "https://registry.npmjs.org/@pixi/polyfill/-/polyfill-6.1.2.tgz",
      "integrity": "sha512-sULLKpSNyax5sYkPMIm+e36zZC1+gfexn5DGrLswR+vHy1Eu8Ler/P0dak+nzKTqwL1hwkuVlCZms+esG9myNQ==",
      "requires": {
        "object-assign": "^4.1.1",
        "promise-polyfill": "^8.2.0"
      }
    },
    "@pixi/prepare": {
      "version": "6.1.2",
      "resolved": "https://registry.npmjs.org/@pixi/prepare/-/prepare-6.1.2.tgz",
      "integrity": "sha512-qHoS/knfchT7ZvpV1MwJQaS5zb8uvlO2paKRLN76aZR4dHKCpRzVWHJ+5EuSEacbbzX8ElBMTCI0iV1V7L1Jiw=="
    },
    "@pixi/runner": {
      "version": "6.1.2",
      "resolved": "https://registry.npmjs.org/@pixi/runner/-/runner-6.1.2.tgz",
      "integrity": "sha512-OKFnW2qrjgUB/O7i15vvS3YRv49aV1Ny22uoYkWGJZ46y3wg6SWuMfHDOK2HIDMefToNRFhWCxcZJCqT5A7XmQ=="
    },
    "@pixi/settings": {
      "version": "6.1.2",
      "resolved": "https://registry.npmjs.org/@pixi/settings/-/settings-6.1.2.tgz",
      "integrity": "sha512-ZulDFSejh475/YOaTsYpOZNWKhfdN93FnojsaLYX4OXcuscF3Ncq4AE8wNwGFraMd0+ZZY9VXHdepU+rjIhF4g==",
      "requires": {
        "ismobilejs": "^1.1.0"
      }
    },
    "@pixi/sprite": {
      "version": "6.1.2",
      "resolved": "https://registry.npmjs.org/@pixi/sprite/-/sprite-6.1.2.tgz",
      "integrity": "sha512-AzK2UW+VcZ+6sKW++9qokhSMFG35zSAOpRoWk5QgRhbVkdh2L0BB7nK5Z8PZgqmTGCzSq2NvVlzosryPWmLMNw=="
    },
    "@pixi/sprite-animated": {
      "version": "6.1.2",
      "resolved": "https://registry.npmjs.org/@pixi/sprite-animated/-/sprite-animated-6.1.2.tgz",
      "integrity": "sha512-jriUtbIw1v0AB3sIObM1t7eAIPuB4gtokao6k09EURMepoCQJlYSKIq5FVlmLYU/zf1t7/f/dtpZ65UEKXDytw=="
    },
    "@pixi/sprite-tiling": {
      "version": "6.1.2",
      "resolved": "https://registry.npmjs.org/@pixi/sprite-tiling/-/sprite-tiling-6.1.2.tgz",
      "integrity": "sha512-6tOlag2M+bn5aNPi/iyORY/IqB9Gfan5MnaG3HarfZdSlSwQH0yklDePBrG2DQ/X6Rmb94DJd0PxJdCujtFJTg=="
    },
    "@pixi/spritesheet": {
      "version": "6.1.2",
      "resolved": "https://registry.npmjs.org/@pixi/spritesheet/-/spritesheet-6.1.2.tgz",
      "integrity": "sha512-PP+sChFaE8vK0PHwChKYeDuFSvYK+Eb6M+eX2pMt3MoXIurGvlrybexUTqTNubxQHWnoLqGIfqq1MWdjmGrs8A=="
    },
    "@pixi/text": {
      "version": "6.1.2",
      "resolved": "https://registry.npmjs.org/@pixi/text/-/text-6.1.2.tgz",
      "integrity": "sha512-9JQ4hEanM946uMvjg4a7uIhnAoGYE6lyxwDUlHw4j/o+8jYN49STc64G+s9Rj7iRw76tudqM2ejphBE+rzC0XQ=="
    },
    "@pixi/text-bitmap": {
      "version": "6.1.2",
      "resolved": "https://registry.npmjs.org/@pixi/text-bitmap/-/text-bitmap-6.1.2.tgz",
      "integrity": "sha512-QpvFC9izghqVo4zkj5mS6PmqKVtd8ArdapYxbxOVystE+gI8IKq7ZJgvvPuaj+9aqCUy20jiMPoLvfSyVGIhUg=="
    },
    "@pixi/ticker": {
      "version": "6.1.2",
      "resolved": "https://registry.npmjs.org/@pixi/ticker/-/ticker-6.1.2.tgz",
      "integrity": "sha512-E0S7wzcPPd+hOTghwZeozuXgMvKGa8Zg4+DhlkqBchHt2HDdDzxgy2ZbcyLczBBkuidEx+JRt+BUWBGv4hqZUA=="
    },
    "@pixi/utils": {
      "version": "6.1.2",
      "resolved": "https://registry.npmjs.org/@pixi/utils/-/utils-6.1.2.tgz",
      "integrity": "sha512-7lacouw8UPAQ0NbBbMEYOff/VRy0qVPV0VuAdKkmrlKu53n6NkocATnUGwdNOHmSNLMAgVu4e30ihwNORrRMAQ==",
      "requires": {
        "@types/earcut": "^2.1.0",
        "earcut": "^2.2.2",
        "eventemitter3": "^3.1.0",
        "url": "^0.11.0"
      }
    },
    "@types/earcut": {
      "version": "2.1.1",
      "resolved": "https://registry.npmjs.org/@types/earcut/-/earcut-2.1.1.tgz",
      "integrity": "sha512-w8oigUCDjElRHRRrMvn/spybSMyX8MTkKA5Dv+tS1IE/TgmNZPqUYtvYBXGY8cieSE66gm+szeK+bnbxC2xHTQ=="
    },
    "balanced-match": {
      "version": "1.0.2",
      "resolved": "https://registry.npmjs.org/balanced-match/-/balanced-match-1.0.2.tgz",
      "integrity": "sha512-3oSeUO0TMV67hN1AmbXsK4yaqU7tjiHlbxRDZOpH0KW9+CeX4bRAaX0Anxt0tx2MrpRpWwQaPwIlISEJhYU5Pw==",
      "dev": true
    },
    "brace-expansion": {
      "version": "1.1.11",
      "resolved": "https://registry.npmjs.org/brace-expansion/-/brace-expansion-1.1.11.tgz",
      "integrity": "sha512-iCuPHDFgrHX7H2vEI/5xpz07zSHB00TpugqhmYtVmMO6518mCuRMoOYFldEBl0g187ufozdaHgWKcYFb61qGiA==",
      "dev": true,
      "requires": {
        "balanced-match": "^1.0.0",
        "concat-map": "0.0.1"
      }
    },
    "concat-map": {
      "version": "0.0.1",
      "resolved": "https://registry.npmjs.org/concat-map/-/concat-map-0.0.1.tgz",
      "integrity": "sha1-2Klr13/Wjfd5OnMDajug1UBdR3s=",
      "dev": true
    },
    "earcut": {
      "version": "2.2.3",
      "resolved": "https://registry.npmjs.org/earcut/-/earcut-2.2.3.tgz",
      "integrity": "sha512-iRDI1QeCQIhMCZk48DRDMVgQSSBDmbzzNhnxIo+pwx3swkfjMh6vh0nWLq1NdvGHLKH6wIrAM3vQWeTj6qeoug=="
    },
    "eventemitter3": {
      "version": "3.1.2",
      "resolved": "https://registry.npmjs.org/eventemitter3/-/eventemitter3-3.1.2.tgz",
      "integrity": "sha512-tvtQIeLVHjDkJYnzf2dgVMxfuSGJeM/7UCG17TT4EumTfNtF+0nebF/4zWOIkCreAbtNqhGEboB6BWrwqNaw4Q=="
    },
    "fs.realpath": {
      "version": "1.0.0",
      "resolved": "https://registry.npmjs.org/fs.realpath/-/fs.realpath-1.0.0.tgz",
      "integrity": "sha1-FQStJSMVjKpA20onh8sBQRmU6k8=",
      "dev": true
    },
    "glob": {
      "version": "7.1.7",
      "resolved": "https://registry.npmjs.org/glob/-/glob-7.1.7.tgz",
      "integrity": "sha512-OvD9ENzPLbegENnYP5UUfJIirTg4+XwMWGaQfQTY0JenxNvvIKP3U3/tAQSPIu/lHxXYSZmpXlUHeqAIdKzBLQ==",
      "dev": true,
      "requires": {
        "fs.realpath": "^1.0.0",
        "inflight": "^1.0.4",
        "inherits": "2",
        "minimatch": "^3.0.4",
        "once": "^1.3.0",
        "path-is-absolute": "^1.0.0"
      }
    },
    "inflight": {
      "version": "1.0.6",
      "resolved": "https://registry.npmjs.org/inflight/-/inflight-1.0.6.tgz",
      "integrity": "sha1-Sb1jMdfQLQwJvJEKEHW6gWW1bfk=",
      "dev": true,
      "requires": {
        "once": "^1.3.0",
        "wrappy": "1"
      }
    },
    "inherits": {
      "version": "2.0.4",
      "resolved": "https://registry.npmjs.org/inherits/-/inherits-2.0.4.tgz",
      "integrity": "sha512-k/vGaX4/Yla3WzyMCvTQOXYeIHvqOKtnqBduzTHpzpQZzAskKMhZ2K+EnBiSM9zGSoIFeMpXKxa4dYeZIQqewQ==",
      "dev": true
    },
    "ismobilejs": {
      "version": "1.1.1",
      "resolved": "https://registry.npmjs.org/ismobilejs/-/ismobilejs-1.1.1.tgz",
      "integrity": "sha512-VaFW53yt8QO61k2WJui0dHf4SlL8lxBofUuUmwBo0ljPk0Drz2TiuDW4jo3wDcv41qy/SxrJ+VAzJ/qYqsmzRw=="
    },
    "minimatch": {
      "version": "3.0.4",
      "resolved": "https://registry.npmjs.org/minimatch/-/minimatch-3.0.4.tgz",
      "integrity": "sha512-yJHVQEhyqPLUTgt9B83PXu6W3rx4MvvHvSUvToogpwoGDOUQ+yDrR0HRot+yOCdCO7u4hX3pWft6kWBBcqh0UA==",
      "dev": true,
      "requires": {
        "brace-expansion": "^1.1.7"
      }
    },
    "ncp": {
      "version": "2.0.0",
      "resolved": "https://registry.npmjs.org/ncp/-/ncp-2.0.0.tgz",
      "integrity": "sha1-GVoh1sRuNh0vsSgbo4uR6d9727M=",
      "dev": true
    },
    "object-assign": {
      "version": "4.1.1",
      "resolved": "https://registry.npmjs.org/object-assign/-/object-assign-4.1.1.tgz",
      "integrity": "sha1-IQmtx5ZYh8/AXLvUQsrIv7s2CGM="
    },
    "once": {
      "version": "1.4.0",
      "resolved": "https://registry.npmjs.org/once/-/once-1.4.0.tgz",
      "integrity": "sha1-WDsap3WWHUsROsF9nFC6753Xa9E=",
      "dev": true,
      "requires": {
        "wrappy": "1"
      }
    },
    "path-is-absolute": {
      "version": "1.0.1",
      "resolved": "https://registry.npmjs.org/path-is-absolute/-/path-is-absolute-1.0.1.tgz",
      "integrity": "sha1-F0uSaHNVNP+8es5r9TpanhtcX18=",
      "dev": true
    },
    "pixi.js": {
      "version": "6.1.2",
      "resolved": "https://registry.npmjs.org/pixi.js/-/pixi.js-6.1.2.tgz",
      "integrity": "sha512-i6MWxeRtgGGIEa58KXHG2/1QZmFxrkmieQMtr5+Bs5Eje5vBaQqmmBcysnSTpYuIlxGnmXXmawf/9cd4aFNTCA==",
      "requires": {
        "@pixi/accessibility": "6.1.2",
        "@pixi/app": "6.1.2",
        "@pixi/compressed-textures": "6.1.2",
        "@pixi/constants": "6.1.2",
        "@pixi/core": "6.1.2",
        "@pixi/display": "6.1.2",
        "@pixi/extract": "6.1.2",
        "@pixi/filter-alpha": "6.1.2",
        "@pixi/filter-blur": "6.1.2",
        "@pixi/filter-color-matrix": "6.1.2",
        "@pixi/filter-displacement": "6.1.2",
        "@pixi/filter-fxaa": "6.1.2",
        "@pixi/filter-noise": "6.1.2",
        "@pixi/graphics": "6.1.2",
        "@pixi/interaction": "6.1.2",
        "@pixi/loaders": "6.1.2",
        "@pixi/math": "6.1.2",
        "@pixi/mesh": "6.1.2",
        "@pixi/mesh-extras": "6.1.2",
        "@pixi/mixin-cache-as-bitmap": "6.1.2",
        "@pixi/mixin-get-child-by-name": "6.1.2",
        "@pixi/mixin-get-global-position": "6.1.2",
        "@pixi/particle-container": "6.1.2",
        "@pixi/polyfill": "6.1.2",
        "@pixi/prepare": "6.1.2",
        "@pixi/runner": "6.1.2",
        "@pixi/settings": "6.1.2",
        "@pixi/sprite": "6.1.2",
        "@pixi/sprite-animated": "6.1.2",
        "@pixi/sprite-tiling": "6.1.2",
        "@pixi/spritesheet": "6.1.2",
        "@pixi/text": "6.1.2",
        "@pixi/text-bitmap": "6.1.2",
        "@pixi/ticker": "6.1.2",
        "@pixi/utils": "6.1.2"
      }
    },
    "promise-polyfill": {
      "version": "8.2.0",
      "resolved": "https://registry.npmjs.org/promise-polyfill/-/promise-polyfill-8.2.0.tgz",
      "integrity": "sha512-k/TC0mIcPVF6yHhUvwAp7cvL6I2fFV7TzF1DuGPI8mBh4QQazf36xCKEHKTZKRysEoTQoQdKyP25J8MPJp7j5g=="
    },
    "punycode": {
      "version": "1.3.2",
      "resolved": "https://registry.npmjs.org/punycode/-/punycode-1.3.2.tgz",
      "integrity": "sha1-llOgNvt8HuQjQvIyXM7v6jkmxI0="
    },
    "querystring": {
      "version": "0.2.0",
      "resolved": "https://registry.npmjs.org/querystring/-/querystring-0.2.0.tgz",
      "integrity": "sha1-sgmEkgO7Jd+CDadW50cAWHhSFiA="
    },
    "rimraf": {
      "version": "3.0.2",
      "resolved": "https://registry.npmjs.org/rimraf/-/rimraf-3.0.2.tgz",
      "integrity": "sha512-JZkJMZkAGFFPP2YqXZXPbMlMBgsxzE8ILs4lMIX/2o0L9UBw9O/Y3o6wFw/i9YLapcUJWwqbi3kdxIPdC62TIA==",
      "dev": true,
      "requires": {
        "glob": "^7.1.3"
      }
    },
    "url": {
      "version": "0.11.0",
      "resolved": "https://registry.npmjs.org/url/-/url-0.11.0.tgz",
      "integrity": "sha1-ODjpfPxgUh63PFJajlW/3Z4uKPE=",
      "requires": {
        "punycode": "1.3.2",
        "querystring": "0.2.0"
      }
    },
    "wrappy": {
      "version": "1.0.2",
      "resolved": "https://registry.npmjs.org/wrappy/-/wrappy-1.0.2.tgz",
      "integrity": "sha1-tSQ9jz7BqjXxNkYFvA0QNuMKtp8=",
      "dev": true
    }
  }
}
